{
  "version": 4,
  "terraform_version": "1.1.7",
  "serial": 7,
  "lineage": "ee57a159-33de-a702-d35d-6816e6159e8d",
  "outputs": {},
  "resources": [
    {
      "mode": "managed",
      "type": "aws_ami_from_instance",
      "name": "example",
      "provider": "provider[\"registry.terraform.io/hashicorp/aws\"]",
      "instances": [
        {
          "schema_version": 0,
          "attributes": {
            "architecture": "x86_64",
            "arn": "arn:aws:ec2:us-east-1::image/ami-05b447be79cbbbb5c",
            "boot_mode": "",
            "description": "",
            "ebs_block_device": [
              {
                "delete_on_termination": true,
                "device_name": "/dev/xvda",
                "encrypted": false,
                "iops": 0,
                "outpost_arn": "",
                "snapshot_id": "snap-04031b6ace1310fe0",
                "throughput": 0,
                "volume_size": 8,
                "volume_type": "gp2"
              }
            ],
            "ena_support": true,
            "ephemeral_block_device": [],
            "hypervisor": "xen",
            "id": "ami-05b447be79cbbbb5c",
            "image_location": "884252890438/hpaim",
            "image_owner_alias": "",
            "image_type": "machine",
            "kernel_id": "",
            "manage_ebs_snapshots": true,
            "name": "hpaim",
            "owner_id": "884252890438",
            "platform": "",
            "platform_details": "Linux/UNIX",
            "public": false,
            "ramdisk_id": "",
            "root_device_name": "/dev/xvda",
            "root_snapshot_id": "snap-04031b6ace1310fe0",
            "snapshot_without_reboot": null,
            "source_instance_id": "i-06332c37c6bb68d7c",
            "sriov_net_support": "simple",
            "tags": null,
            "tags_all": {},
            "timeouts": null,
            "usage_operation": "RunInstances",
            "virtualization_type": "hvm"
          },
          "sensitive_attributes": [],
          "private": "eyJlMmJmYjczMC1lY2FhLTExZTYtOGY4OC0zNDM2M2JjN2M0YzAiOnsiY3JlYXRlIjoyNDAwMDAwMDAwMDAwLCJkZWxldGUiOjU0MDAwMDAwMDAwMDAsInVwZGF0ZSI6MjQwMDAwMDAwMDAwMH19"
        }
      ]
    }
  ]
}
